// !$*UTF8*$!
{
	archiveVersion = 1;
	classes = {
	};
	objectVersion = 46;
	objects = {

/* Begin PBXBuildFile section */
		9F5A32DA1E2DF09C00EEC551 /* main.m in Sources */ = {isa = PBXBuildFile; fileRef = 9F5A32D91E2DF09C00EEC551 /* main.m */; };
		9F5A32DD1E2DF09C00EEC551 /* AppDelegate.m in Sources */ = {isa = PBXBuildFile; fileRef = 9F5A32DC1E2DF09C00EEC551 /* AppDelegate.m */; };
		9F5A32E01E2DF09C00EEC551 /* ViewController.m in Sources */ = {isa = PBXBuildFile; fileRef = 9F5A32DF1E2DF09C00EEC551 /* ViewController.m */; };
		9F5A32E31E2DF09D00EEC551 /* Main.storyboard in Resources */ = {isa = PBXBuildFile; fileRef = 9F5A32E11E2DF09D00EEC551 /* Main.storyboard */; };
		9F5A32E51E2DF09D00EEC551 /* Assets.xcassets in Resources */ = {isa = PBXBuildFile; fileRef = 9F5A32E41E2DF09D00EEC551 /* Assets.xcassets */; };
		9F5A32E81E2DF09D00EEC551 /* LaunchScreen.storyboard in Resources */ = {isa = PBXBuildFile; fileRef = 9F5A32E61E2DF09D00EEC551 /* LaunchScreen.storyboard */; };
		9F5A32F21E2DF26300EEC551 /* UIView+CGRect.m in Sources */ = {isa = PBXBuildFile; fileRef = 9F5A32F11E2DF26300EEC551 /* UIView+CGRect.m */; };
		9F5A33011E2DF79200EEC551 /* NSString+JKViewFactory.m in Sources */ = {isa = PBXBuildFile; fileRef = 9F5A32F61E2DF79200EEC551 /* NSString+JKViewFactory.m */; };
		9F5A33021E2DF79200EEC551 /* UIBezierPath+JKViewFactory.m in Sources */ = {isa = PBXBuildFile; fileRef = 9F5A32F81E2DF79200EEC551 /* UIBezierPath+JKViewFactory.m */; };
		9F5A33031E2DF79200EEC551 /* UIButton+JKViewFactory.m in Sources */ = {isa = PBXBuildFile; fileRef = 9F5A32FA1E2DF79200EEC551 /* UIButton+JKViewFactory.m */; };
		9F5A33041E2DF79200EEC551 /* UIColor+JKViewFactory.m in Sources */ = {isa = PBXBuildFile; fileRef = 9F5A32FC1E2DF79200EEC551 /* UIColor+JKViewFactory.m */; };
		9F5A33051E2DF79200EEC551 /* UIImage+JKViewFactory.m in Sources */ = {isa = PBXBuildFile; fileRef = 9F5A32FE1E2DF79200EEC551 /* UIImage+JKViewFactory.m */; };
		9F5A33061E2DF79200EEC551 /* UIView+JKViewFactory.m in Sources */ = {isa = PBXBuildFile; fileRef = 9F5A33001E2DF79200EEC551 /* UIView+JKViewFactory.m */; };
/* End PBXBuildFile section */

/* Begin PBXFileReference section */
		9F5A32D51E2DF09C00EEC551 /* JKChartView_01.app */ = {isa = PBXFileReference; explicitFileType = wrapper.application; includeInIndex = 0; path = JKChartView_01.app; sourceTree = BUILT_PRODUCTS_DIR; };
		9F5A32D91E2DF09C00EEC551 /* main.m */ = {isa = PBXFileReference; lastKnownFileType = sourcecode.c.objc; path = main.m; sourceTree = "<group>"; };
		9F5A32DB1E2DF09C00EEC551 /* AppDelegate.h */ = {isa = PBXFileReference; lastKnownFileType = sourcecode.c.h; path = AppDelegate.h; sourceTree = "<group>"; };
		9F5A32DC1E2DF09C00EEC551 /* AppDelegate.m */ = {isa = PBXFileReference; lastKnownFileType = sourcecode.c.objc; path = AppDelegate.m; sourceTree = "<group>"; };
		9F5A32DE1E2DF09C00EEC551 /* ViewController.h */ = {isa = PBXFileReference; lastKnownFileType = sourcecode.c.h; path = ViewController.h; sourceTree = "<group>"; };
		9F5A32DF1E2DF09C00EEC551 /* ViewController.m */ = {isa = PBXFileReference; lastKnownFileType = sourcecode.c.objc; path = ViewController.m; sourceTree = "<group>"; };
		9F5A32E21E2DF09D00EEC551 /* Base */ = {isa = PBXFileReference; lastKnownFileType = file.storyboard; name = Base; path = Base.lproj/Main.storyboard; sourceTree = "<group>"; };
		9F5A32E41E2DF09D00EEC551 /* Assets.xcassets */ = {isa = PBXFileReference; lastKnownFileType = folder.assetcatalog; path = Assets.xcassets; sourceTree = "<group>"; };
		9F5A32E71E2DF09D00EEC551 /* Base */ = {isa = PBXFileReference; lastKnownFileType = file.storyboard; name = Base; path = Base.lproj/LaunchScreen.storyboard; sourceTree = "<group>"; };
		9F5A32E91E2DF09D00EEC551 /* Info.plist */ = {isa = PBXFileReference; lastKnownFileType = text.plist.xml; path = Info.plist; sourceTree = "<group>"; };
		9F5A32F01E2DF26300EEC551 /* UIView+CGRect.h */ = {isa = PBXFileReference; fileEncoding = 4; lastKnownFileType = sourcecode.c.h; path = "UIView+CGRect.h"; sourceTree = "<group>"; };
		9F5A32F11E2DF26300EEC551 /* UIView+CGRect.m */ = {isa = PBXFileReference; fileEncoding = 4; lastKnownFileType = sourcecode.c.objc; path = "UIView+CGRect.m"; sourceTree = "<group>"; };
		9F5A32F41E2DF79200EEC551 /* JKViewFactory.h */ = {isa = PBXFileReference; fileEncoding = 4; lastKnownFileType = sourcecode.c.h; path = JKViewFactory.h; sourceTree = "<group>"; };
		9F5A32F51E2DF79200EEC551 /* NSString+JKViewFactory.h */ = {isa = PBXFileReference; fileEncoding = 4; lastKnownFileType = sourcecode.c.h; path = "NSString+JKViewFactory.h"; sourceTree = "<group>"; };
		9F5A32F61E2DF79200EEC551 /* NSString+JKViewFactory.m */ = {isa = PBXFileReference; fileEncoding = 4; lastKnownFileType = sourcecode.c.objc; path = "NSString+JKViewFactory.m"; sourceTree = "<group>"; };
		9F5A32F71E2DF79200EEC551 /* UIBezierPath+JKViewFactory.h */ = {isa = PBXFileReference; fileEncoding = 4; lastKnownFileType = sourcecode.c.h; path = "UIBezierPath+JKViewFactory.h"; sourceTree = "<group>"; };
		9F5A32F81E2DF79200EEC551 /* UIBezierPath+JKViewFactory.m */ = {isa = PBXFileReference; fileEncoding = 4; lastKnownFileType = sourcecode.c.objc; path = "UIBezierPath+JKViewFactory.m"; sourceTree = "<group>"; };
		9F5A32F91E2DF79200EEC551 /* UIButton+JKViewFactory.h */ = {isa = PBXFileReference; fileEncoding = 4; lastKnownFileType = sourcecode.c.h; path = "UIButton+JKViewFactory.h"; sourceTree = "<group>"; };
		9F5A32FA1E2DF79200EEC551 /* UIButton+JKViewFactory.m */ = {isa = PBXFileReference; fileEncoding = 4; lastKnownFileType = sourcecode.c.objc; path = "UIButton+JKViewFactory.m"; sourceTree = "<group>"; };
		9F5A32FB1E2DF79200EEC551 /* UIColor+JKViewFactory.h */ = {isa = PBXFileReference; fileEncoding = 4; lastKnownFileType = sourcecode.c.h; path = "UIColor+JKViewFactory.h"; sourceTree = "<group>"; };
		9F5A32FC1E2DF79200EEC551 /* UIColor+JKViewFactory.m */ = {isa = PBXFileReference; fileEncoding = 4; lastKnownFileType = sourcecode.c.objc; path = "UIColor+JKViewFactory.m"; sourceTree = "<group>"; };
		9F5A32FD1E2DF79200EEC551 /* UIImage+JKViewFactory.h */ = {isa = PBXFileReference; fileEncoding = 4; lastKnownFileType = sourcecode.c.h; path = "UIImage+JKViewFactory.h"; sourceTree = "<group>"; };
		9F5A32FE1E2DF79200EEC551 /* UIImage+JKViewFactory.m */ = {isa = PBXFileReference; fileEncoding = 4; lastKnownFileType = sourcecode.c.objc; path = "UIImage+JKViewFactory.m"; sourceTree = "<group>"; };
		9F5A32FF1E2DF79200EEC551 /* UIView+JKViewFactory.h */ = {isa = PBXFileReference; fileEncoding = 4; lastKnownFileType = sourcecode.c.h; path = "UIView+JKViewFactory.h"; sourceTree = "<group>"; };
		9F5A33001E2DF79200EEC551 /* UIView+JKViewFactory.m */ = {isa = PBXFileReference; fileEncoding = 4; lastKnownFileType = sourcecode.c.objc; path = "UIView+JKViewFactory.m"; sourceTree = "<group>"; };
/* End PBXFileReference section */

/* Begin PBXFrameworksBuildPhase section */
		9F5A32D21E2DF09C00EEC551 /* Frameworks */ = {
			isa = PBXFrameworksBuildPhase;
			buildActionMask = 2147483647;
			files = (
			);
			runOnlyForDeploymentPostprocessing = 0;
		};
/* End PBXFrameworksBuildPhase section */

/* Begin PBXGroup section */
		9F5A32CC1E2DF09C00EEC551 = {
			isa = PBXGroup;
			children = (
				9F5A32D71E2DF09C00EEC551 /* JKChartView_01 */,
				9F5A32D61E2DF09C00EEC551 /* Products */,
			);
			sourceTree = "<group>";
		};
		9F5A32D61E2DF09C00EEC551 /* Products */ = {
			isa = PBXGroup;
			children = (
				9F5A32D51E2DF09C00EEC551 /* JKChartView_01.app */,
			);
			name = Products;
			sourceTree = "<group>";
		};
		9F5A32D71E2DF09C00EEC551 /* JKChartView_01 */ = {
			isa = PBXGroup;
			children = (
				9F5A33071E2E126A00EEC551 /* CALayer+Animation */,
				9F5A32F31E2DF79200EEC551 /* JKViewFactory */,
				9F5A32EF1E2DF26300EEC551 /* UIView+CGRect */,
				9F5A32DB1E2DF09C00EEC551 /* AppDelegate.h */,
				9F5A32DC1E2DF09C00EEC551 /* AppDelegate.m */,
				9F5A32DE1E2DF09C00EEC551 /* ViewController.h */,
				9F5A32DF1E2DF09C00EEC551 /* ViewController.m */,
				9F5A32E11E2DF09D00EEC551 /* Main.storyboard */,
				9F5A32E41E2DF09D00EEC551 /* Assets.xcassets */,
				9F5A32E61E2DF09D00EEC551 /* LaunchScreen.storyboard */,
				9F5A32E91E2DF09D00EEC551 /* Info.plist */,
				9F5A32D81E2DF09C00EEC551 /* Supporting Files */,
			);
			path = JKChartView_01;
			sourceTree = "<group>";
		};
		9F5A32D81E2DF09C00EEC551 /* Supporting Files */ = {
			isa = PBXGroup;
			children = (
				9F5A32D91E2DF09C00EEC551 /* main.m */,
			);
			name = "Supporting Files";
			sourceTree = "<group>";
		};
		9F5A32EF1E2DF26300EEC551 /* UIView+CGRect */ = {
			isa = PBXGroup;
			children = (
				9F5A32F01E2DF26300EEC551 /* UIView+CGRect.h */,
				9F5A32F11E2DF26300EEC551 /* UIView+CGRect.m */,
			);
			name = "UIView+CGRect";
			path = "../../../JKKit/UIView+CGRect";
			sourceTree = "<group>";
		};
		9F5A32F31E2DF79200EEC551 /* JKViewFactory */ = {
			isa = PBXGroup;
			children = (
				9F5A32F41E2DF79200EEC551 /* JKViewFactory.h */,
				9F5A32F51E2DF79200EEC551 /* NSString+JKViewFactory.h */,
				9F5A32F61E2DF79200EEC551 /* NSString+JKViewFactory.m */,
				9F5A32F71E2DF79200EEC551 /* UIBezierPath+JKViewFactory.h */,
				9F5A32F81E2DF79200EEC551 /* UIBezierPath+JKViewFactory.m */,
				9F5A32F91E2DF79200EEC551 /* UIButton+JKViewFactory.h */,
				9F5A32FA1E2DF79200EEC551 /* UIButton+JKViewFactory.m */,
				9F5A32FB1E2DF79200EEC551 /* UIColor+JKViewFactory.h */,
				9F5A32FC1E2DF79200EEC551 /* UIColor+JKViewFactory.m */,
				9F5A32FD1E2DF79200EEC551 /* UIImage+JKViewFactory.h */,
				9F5A32FE1E2DF79200EEC551 /* UIImage+JKViewFactory.m */,
				9F5A32FF1E2DF79200EEC551 /* UIView+JKViewFactory.h */,
				9F5A33001E2DF79200EEC551 /* UIView+JKViewFactory.m */,
			);
			name = JKViewFactory;
			path = ../../../JKKit/JKViewFactory;
			sourceTree = "<group>";
		};
		9F5A33071E2E126A00EEC551 /* CALayer+Animation */ = {
			isa = PBXGroup;
			children = (
			);
			name = "CALayer+Animation";
			path = "../../../JKKit/CALayer+Animation";
			sourceTree = "<group>";
		};
/* End PBXGroup section */

/* Begin PBXNativeTarget section */
		9F5A32D41E2DF09C00EEC551 /* JKChartView_01 */ = {
			isa = PBXNativeTarget;
			buildConfigurationList = 9F5A32EC1E2DF09D00EEC551 /* Build configuration list for PBXNativeTarget "JKChartView_01" */;
			buildPhases = (
				9F5A32D11E2DF09C00EEC551 /* Sources */,
				9F5A32D21E2DF09C00EEC551 /* Frameworks */,
				9F5A32D31E2DF09C00EEC551 /* Resources */,
			);
			buildRules = (
			);
			dependencies = (
			);
			name = JKChartView_01;
			productName = JKChartView_01;
			productReference = 9F5A32D51E2DF09C00EEC551 /* JKChartView_01.app */;
			productType = "com.apple.product-type.application";
		};
/* End PBXNativeTarget section */

/* Begin PBXProject section */
		9F5A32CD1E2DF09C00EEC551 /* Project object */ = {
			isa = PBXProject;
			attributes = {
				LastUpgradeCheck = 0820;
				ORGANIZATIONNAME = "溪枫狼";
				TargetAttributes = {
					9F5A32D41E2DF09C00EEC551 = {
						CreatedOnToolsVersion = 8.2;
						DevelopmentTeam = 5C5VZ6884A;
						ProvisioningStyle = Automatic;
					};
				};
			};
			buildConfigurationList = 9F5A32D01E2DF09C00EEC551 /* Build configuration list for PBXProject "JKChartView_01" */;
			compatibilityVersion = "Xcode 3.2";
			developmentRegion = English;
			hasScannedForEncodings = 0;
			knownRegions = (
				en,
				Base,
			);
			mainGroup = 9F5A32CC1E2DF09C00EEC551;
			productRefGroup = 9F5A32D61E2DF09C00EEC551 /* Products */;
			projectDirPath = "";
			projectRoot = "";
			targets = (
				9F5A32D41E2DF09C00EEC551 /* JKChartView_01 */,
			);
		};
/* End PBXProject section */

/* Begin PBXResourcesBuildPhase section */
		9F5A32D31E2DF09C00EEC551 /* Resources */ = {
			isa = PBXResourcesBuildPhase;
			buildActionMask = 2147483647;
			files = (
				9F5A32E81E2DF09D00EEC551 /* LaunchScreen.storyboard in Resources */,
				9F5A32E51E2DF09D00EEC551 /* Assets.xcassets in Resources */,
				9F5A32E31E2DF09D00EEC551 /* Main.storyboard in Resources */,
			);
			runOnlyForDeploymentPostprocessing = 0;
		};
/* End PBXResourcesBuildPhase section */

/* Begin PBXSourcesBuildPhase section */
		9F5A32D11E2DF09C00EEC551 /* Sources */ = {
			isa = PBXSourcesBuildPhase;
			buildActionMask = 2147483647;
			files = (
				9F5A32E01E2DF09C00EEC551 /* ViewController.m in Sources */,
				9F5A33061E2DF79200EEC551 /* UIView+JKViewFactory.m in Sources */,
				9F5A32DD1E2DF09C00EEC551 /* AppDelegate.m in Sources */,
				9F5A33041E2DF79200EEC551 /* UIColor+JKViewFactory.m in Sources */,
				9F5A33021E2DF79200EEC551 /* UIBezierPath+JKViewFactory.m in Sources */,
				9F5A32F21E2DF26300EEC551 /* UIView+CGRect.m in Sources */,
				9F5A33031E2DF79200EEC551 /* UIButton+JKViewFactory.m in Sources */,
				9F5A32DA1E2DF09C00EEC551 /* main.m in Sources */,
				9F5A33051E2DF79200EEC551 /* UIImage+JKViewFactory.m in Sources */,
				9F5A33011E2DF79200EEC551 /* NSString+JKViewFactory.m in Sources */,
			);
			runOnlyForDeploymentPostprocessing = 0;
		};
/* End PBXSourcesBuildPhase section */

/* Begin PBXVariantGroup section */
		9F5A32E11E2DF09D00EEC551 /* Main.storyboard */ = {
			isa = PBXVariantGroup;
			children = (
				9F5A32E21E2DF09D00EEC551 /* Base */,
			);
			name = Main.storyboard;
			sourceTree = "<group>";
		};
		9F5A32E61E2DF09D00EEC551 /* LaunchScreen.storyboard */ = {
			isa = PBXVariantGroup;
			children = (
				9F5A32E71E2DF09D00EEC551 /* Base */,
			);
			name = LaunchScreen.storyboard;
			sourceTree = "<group>";
		};
/* End PBXVariantGroup section */

/* Begin XCBuildConfiguration section */
		9F5A32EA1E2DF09D00EEC551 /* Debug */ = {
			isa = XCBuildConfiguration;
			buildSettings = {
				ALWAYS_SEARCH_USER_PATHS = NO;
				CLANG_ANALYZER_NONNULL = YES;
				CLANG_CXX_LANGUAGE_STANDARD = "gnu++0x";
				CLANG_CXX_LIBRARY = "libc++";
				CLANG_ENABLE_MODULES = YES;
				CLANG_ENABLE_OBJC_ARC = YES;
				CLANG_WARN_BOOL_CONVERSION = YES;
				CLANG_WARN_CONSTANT_CONVERSION = YES;
				CLANG_WARN_DIRECT_OBJC_ISA_USAGE = YES_ERROR;
				CLANG_WARN_DOCUMENTATION_COMMENTS = YES;
				CLANG_WARN_EMPTY_BODY = YES;
				CLANG_WARN_ENUM_CONVERSION = YES;
				CLANG_WARN_INFINITE_RECURSION = YES;
				CLANG_WARN_INT_CONVERSION = YES;
				CLANG_WARN_OBJC_ROOT_CLASS = YES_ERROR;
				CLANG_WARN_SUSPICIOUS_MOVE = YES;
				CLANG_WARN_UNREACHABLE_CODE = YES;
				CLANG_WARN__DUPLICATE_METHOD_MATCH = YES;
				"CODE_SIGN_IDENTITY[sdk=iphoneos*]" = "iPhone Developer";
				COPY_PHASE_STRIP = NO;
				DEBUG_INFORMATION_FORMAT = dwarf;
				ENABLE_STRICT_OBJC_MSGSEND = YES;
				ENABLE_TESTABILITY = YES;
				GCC_C_LANGUAGE_STANDARD = gnu99;
				GCC_DYNAMIC_NO_PIC = NO;
				GCC_NO_COMMON_BLOCKS = YES;
				GCC_OPTIMIZATION_LEVEL = 0;
				GCC_PREPROCESSOR_DEFINITIONS = (
					"DEBUG=1",
					"$(inherited)",
				);
				GCC_WARN_64_TO_32_BIT_CONVERSION = YES;
				GCC_WARN_ABOUT_RETURN_TYPE = YES_ERROR;
				GCC_WARN_UNDECLARED_SELECTOR = YES;
				GCC_WARN_UNINITIALIZED_AUTOS = YES_AGGRESSIVE;
				GCC_WARN_UNUSED_FUNCTION = YES;
				GCC_WARN_UNUSED_VARIABLE = YES;
				IPHONEOS_DEPLOYMENT_TARGET = 10.2;
				MTL_ENABLE_DEBUG_INFO = YES;
				ONLY_ACTIVE_ARCH = YES;
				SDKROOT = iphoneos;
				TARGETED_DEVICE_FAMILY = "1,2";
			};
			name = Debug;
		};
		9F5A32EB1E2DF09D00EEC551 /* Release */ = {
			isa = XCBuildConfiguration;
			buildSettings = {
				ALWAYS_SEARCH_USER_PATHS = NO;
				CLANG_ANALYZER_NONNULL = YES;
				CLANG_CXX_LANGUAGE_STANDARD = "gnu++0x";
				CLANG_CXX_LIBRARY = "libc++";
				CLANG_ENABLE_MODULES = YES;
				CLANG_ENABLE_OBJC_ARC = YES;
				CLANG_WARN_BOOL_CONVERSION = YES;
				CLANG_WARN_CONSTANT_CONVERSION = YES;
				CLANG_WARN_DIRECT_OBJC_ISA_USAGE = YES_ERROR;
				CLANG_WARN_DOCUMENTATION_COMMENTS = YES;
				CLANG_WARN_EMPTY_BODY = YES;
				CLANG_WARN_ENUM_CONVERSION = YES;
				CLANG_WARN_INFINITE_RECURSION = YES;
				CLANG_WARN_INT_CONVERSION = YES;
				CLANG_WARN_OBJC_ROOT_CLASS = YES_ERROR;
				CLANG_WARN_SUSPICIOUS_MOVE = YES;
				CLANG_WARN_UNREACHABLE_CODE = YES;
				CLANG_WARN__DUPLICATE_METHOD_MATCH = YES;
				"CODE_SIGN_IDENTITY[sdk=iphoneos*]" = "iPhone Developer";
				COPY_PHASE_STRIP = NO;
				DEBUG_INFORMATION_FORMAT = "dwarf-with-dsym";
				ENABLE_NS_ASSERTIONS = NO;
				ENABLE_STRICT_OBJC_MSGSEND = YES;
				GCC_C_LANGUAGE_STANDARD = gnu99;
				GCC_NO_COMMON_BLOCKS = YES;
				GCC_WARN_64_TO_32_BIT_CONVERSION = YES;
				GCC_WARN_ABOUT_RETURN_TYPE = YES_ERROR;
				GCC_WARN_UNDECLARED_SELECTOR = YES;
				GCC_WARN_UNINITIALIZED_AUTOS = YES_AGGRESSIVE;
				GCC_WARN_UNUSED_FUNCTION = YES;
				GCC_WARN_UNUSED_VARIABLE = YES;
				IPHONEOS_DEPLOYMENT_TARGET = 10.2;
				MTL_ENABLE_DEBUG_INFO = NO;
				SDKROOT = iphoneos;
				TARGETED_DEVICE_FAMILY = "1,2";
				VALIDATE_PRODUCT = YES;
			};
			name = Release;
		};
		9F5A32ED1E2DF09D00EEC551 /* Debug */ = {
			isa = XCBuildConfiguration;
			buildSettings = {
				ASSETCATALOG_COMPILER_APPICON_NAME = AppIcon;
				DEVELOPMENT_TEAM = 5C5VZ6884A;
				INFOPLIST_FILE = JKChartView_01/Info.plist;
				LD_RUNPATH_SEARCH_PATHS = "$(inherited) @executable_path/Frameworks";
				PRODUCT_BUNDLE_IDENTIFIER = "net.fitcome.JKChartView-01";
				PRODUCT_NAME = "$(TARGET_NAME)";
			};
			name = Debug;
		};
		9F5A32EE1E2DF09D00EEC551 /* Release */ = {
			isa = XCBuildConfiguration;
			buildSettings = {
				ASSETCATALOG_COMPILER_APPICON_NAME = AppIcon;
				DEVELOPMENT_TEAM = 5C5VZ6884A;
				INFOPLIST_FILE = JKChartView_01/Info.plist;
				LD_RUNPATH_SEARCH_PATHS = "$(inherited) @executable_path/Frameworks";
				PRODUCT_BUNDLE_IDENTIFIER = "net.fitcome.JKChartView-01";
				PRODUCT_NAME = "$(TARGET_NAME)";
			};
			name = Release;
		};
/* End XCBuildConfiguration section */

/* Begin XCConfigurationList section */
		9F5A32D01E2DF09C00EEC551 /* Build configuration list for PBXProject "JKChartView_01" */ = {
			isa = XCConfigurationList;
			buildConfigurations = (
				9F5A32EA1E2DF09D00EEC551 /* Debug */,
				9F5A32EB1E2DF09D00EEC551 /* Release */,
			);
			defaultConfigurationIsVisible = 0;
			defaultConfigurationName = Release;
		};
		9F5A32EC1E2DF09D00EEC551 /* Build configuration list for PBXNativeTarget "JKChartView_01" */ = {
			isa = XCConfigurationList;
			buildConfigurations = (
				9F5A32ED1E2DF09D00EEC551 /* Debug */,
				9F5A32EE1E2DF09D00EEC551 /* Release */,
			);
			defaultConfigurationIsVisible = 0;
		};
/* End XCConfigurationList section */
	};
	rootObject = 9F5A32CD1E2DF09C00EEC551 /* Project object */;
}
